
Microsoft Visual Studio Solution File, Format Version 12.00
# Visual Studio Version 16
VisualStudioVersion = 16.0.30523.141
MinimumVisualStudioVersion = 10.0.40219.1
Project("{8BC9CEB8-8B4A-11D0-8D11-00A0C91BC942}") = "goodbye_2020", "goodbye_2020.vcxproj", "{DDC26873-63C8-4DDA-A83D-C431BA0079EC}"
EndProject
Global
	GlobalSection(SolutionConfigurationPlatforms) = preSolution
		Debug|x64 = Debug|x64
		Debug|x86 = Debug|x86
		Release|x64 = Release|x64
		Release|x86 = Release|x86
	EndGlobalSection
	GlobalSection(ProjectConfigurationPlatforms) = postSolution
		{DDC26873-63C8-4DDA-A83D-C431BA0079EC}.Debug|x64.ActiveCfg = Debug|x64
		{DDC26873-63C8-4DDA-A83D-C431BA0079EC}.Debug|x64.Build.0 = Debug|x64
		{DDC26873-63C8-4DDA-A83D-C431BA0079EC}.Debug|x86.ActiveCfg = Debug|Win32
		{DDC26873-63C8-4DDA-A83D-C431BA0079EC}.Debug|x86.Build.0 = Debug|Win32
		{DDC26873-63C8-4DDA-A83D-C431BA0079EC}.Release|x64.ActiveCfg = Release|x64
		{DDC26873-63C8-4DDA-A83D-C431BA0079EC}.Release|x64.Build.0 = Release|x64
		{DDC26873-63C8-4DDA-A83D-C431BA0079EC}.Release|x86.ActiveCfg = Release|Win32
		{DDC26873-63C8-4DDA-A83D-C431BA0079EC}.Release|x86.Build.0 = Release|Win32
	EndGlobalSection
	GlobalSection(SolutionProperties) = preSolution
		HideSolutionNode = FALSE
	EndGlobalSection
	GlobalSection(ExtensibilityGlobals) = postSolution
		SolutionGuid = {A9DDBB51-2B7C-47D8-938E-DC853C0076E8}
	EndGlobalSection
EndGlobal
